
Microsoft Visual Studio Solution File, Format Version 12.00
# Visual Studio 15
Project("{FAE04EC0-301F-11D3-BF4B-00C04F79EFBC}") = "Assembly-CSharp", "Assembly-CSharp.csproj", "{6AC26AB7-DF84-1B6D-584C-2D85814FC041}"
EndProject
Project("{FAE04EC0-301F-11D3-BF4B-00C04F79EFBC}") = "Assembly-CSharp-Editor", "Assembly-CSharp-Editor.csproj", "{70D4E359-EABB-7D75-560E-FDE69629AB72}"
EndProject
Global
	GlobalSection(SolutionConfigurationPlatforms) = preSolution
		Debug|Any CPU = Debug|Any CPU
		Release|Any CPU = Release|Any CPU
	EndGlobalSection
	GlobalSection(ProjectConfigurationPlatforms) = postSolution
		{6AC26AB7-DF84-1B6D-584C-2D85814FC041}.Debug|Any CPU.ActiveCfg = Debug|Any CPU
		{6AC26AB7-DF84-1B6D-584C-2D85814FC041}.Debug|Any CPU.Build.0 = Debug|Any CPU
		{6AC26AB7-DF84-1B6D-584C-2D85814FC041}.Release|Any CPU.ActiveCfg = Release|Any CPU
		{6AC26AB7-DF84-1B6D-584C-2D85814FC041}.Release|Any CPU.Build.0 = Release|Any CPU
		{70D4E359-EABB-7D75-560E-FDE69629AB72}.Debug|Any CPU.ActiveCfg = Debug|Any CPU
		{70D4E359-EABB-7D75-560E-FDE69629AB72}.Debug|Any CPU.Build.0 = Debug|Any CPU
		{70D4E359-EABB-7D75-560E-FDE69629AB72}.Release|Any CPU.ActiveCfg = Release|Any CPU
		{70D4E359-EABB-7D75-560E-FDE69629AB72}.Release|Any CPU.Build.0 = Release|Any CPU
	EndGlobalSection
	GlobalSection(SolutionProperties) = preSolution
		HideSolutionNode = FALSE
	EndGlobalSection
EndGlobal
